
Microsoft Visual Studio Solution File, Format Version 12.00
# Visual Studio Version 16
VisualStudioVersion = 16.0.32126.315
MinimumVisualStudioVersion = 10.0.40219.1
Project("{FAE04EC0-301F-11D3-BF4B-00C04F79EFBC}") = "Chess", "Chess\Chess.csproj", "{36CE0238-5C4C-407B-BF20-CDB4028F94D0}"
EndProject
Global
	GlobalSection(SolutionConfigurationPlatforms) = preSolution
		Debug|Any CPU = Debug|Any CPU
		Release|Any CPU = Release|Any CPU
	EndGlobalSection
	GlobalSection(ProjectConfigurationPlatforms) = postSolution
		{36CE0238-5C4C-407B-BF20-CDB4028F94D0}.Debug|Any CPU.ActiveCfg = Debug|Any CPU
		{36CE0238-5C4C-407B-BF20-CDB4028F94D0}.Debug|Any CPU.Build.0 = Debug|Any CPU
		{36CE0238-5C4C-407B-BF20-CDB4028F94D0}.Release|Any CPU.ActiveCfg = Release|Any CPU
		{36CE0238-5C4C-407B-BF20-CDB4028F94D0}.Release|Any CPU.Build.0 = Release|Any CPU
	EndGlobalSection
	GlobalSection(SolutionProperties) = preSolution
		HideSolutionNode = FALSE
	EndGlobalSection
	GlobalSection(ExtensibilityGlobals) = postSolution
		SolutionGuid = {C377506D-F036-4E53-8A39-B132C3CC112D}
	EndGlobalSection
EndGlobal
