
Microsoft Visual Studio Solution File, Format Version 12.00
# Visual Studio Version 17
VisualStudioVersion = 17.3.32922.545
MinimumVisualStudioVersion = 10.0.40219.1
Project("{9A19103F-16F7-4668-BE54-9A1E7A4F7556}") = "Chess", "Chess\Chess.csproj", "{36CE0238-5C4C-407B-BF20-CDB4028F94D0}"
EndProject
Project("{FAE04EC0-301F-11D3-BF4B-00C04F79EFBC}") = "ChessTests", "ChessTests\ChessTests.csproj", "{737CC877-5FA3-4BE1-8E96-5AE009B17BE8}"
EndProject
Global
	GlobalSection(SolutionConfigurationPlatforms) = preSolution
		Debug|Any CPU = Debug|Any CPU
		Release|Any CPU = Release|Any CPU
	EndGlobalSection
	GlobalSection(ProjectConfigurationPlatforms) = postSolution
		{36CE0238-5C4C-407B-BF20-CDB4028F94D0}.Debug|Any CPU.ActiveCfg = Debug|Any CPU
		{36CE0238-5C4C-407B-BF20-CDB4028F94D0}.Debug|Any CPU.Build.0 = Debug|Any CPU
		{36CE0238-5C4C-407B-BF20-CDB4028F94D0}.Release|Any CPU.ActiveCfg = Release|Any CPU
		{36CE0238-5C4C-407B-BF20-CDB4028F94D0}.Release|Any CPU.Build.0 = Release|Any CPU
		{737CC877-5FA3-4BE1-8E96-5AE009B17BE8}.Debug|Any CPU.ActiveCfg = Debug|Any CPU
		{737CC877-5FA3-4BE1-8E96-5AE009B17BE8}.Debug|Any CPU.Build.0 = Debug|Any CPU
		{737CC877-5FA3-4BE1-8E96-5AE009B17BE8}.Release|Any CPU.ActiveCfg = Release|Any CPU
		{737CC877-5FA3-4BE1-8E96-5AE009B17BE8}.Release|Any CPU.Build.0 = Release|Any CPU
	EndGlobalSection
	GlobalSection(SolutionProperties) = preSolution
		HideSolutionNode = FALSE
	EndGlobalSection
	GlobalSection(ExtensibilityGlobals) = postSolution
		SolutionGuid = {C377506D-F036-4E53-8A39-B132C3CC112D}
	EndGlobalSection
EndGlobal
